# @generated by Move, please check-in and do not edit manually.

[move]
version = 0
manifest_digest = "4C29B41BD92B332D6B7C3483D70449E60431439A2184D8BFBBDB5C814BD667B6"
deps_digest = "3C4103934B1E040BB6B23F1D610B4EF9F2F1166A50A104EADCF77467C004C600"

dependencies = [
  { name = "Sui" },
  { name = "oracle" },
]

[[move.package]]
name = "MoveStdlib"
source = { git = "https://github.com/MystenLabs/sui.git", rev = "7b0b57c8777aa62bcc37fd2fdc33a18066f14273", subdir = "crates/sui-framework/packages/move-stdlib" }

[[move.package]]
name = "Sui"
source = { git = "https://github.com/MystenLabs/sui.git", rev = "7b0b57c8777aa62bcc37fd2fdc33a18066f14273", subdir = "crates/sui-framework/packages/sui-framework" }

dependencies = [
  { name = "MoveStdlib" },
]

[[move.package]]
name = "oracle"
source = { local = "../oracle" }

dependencies = [
  { name = "Sui" },
]

[move.toolchain-version]
compiler-version = "1.17.3"
edition = "legacy"
flavor = "sui"
